
Microsoft Visual Studio Solution File, Format Version 12.00
# Visual Studio Version 16
VisualStudioVersion = 16.0.31624.102
MinimumVisualStudioVersion = 10.0.40219.1
Project("{FAE04EC0-301F-11D3-BF4B-00C04F79EFBC}") = "ASP_NETCore_Working_EF", "ASP_NETCore_Working_EF\ASP_NETCore_Working_EF.csproj", "{1B6A9942-ABFB-4B94-9A93-5920C68EE03F}"
EndProject
Global
	GlobalSection(SolutionConfigurationPlatforms) = preSolution
		Debug|Any CPU = Debug|Any CPU
		Release|Any CPU = Release|Any CPU
	EndGlobalSection
	GlobalSection(ProjectConfigurationPlatforms) = postSolution
		{1B6A9942-ABFB-4B94-9A93-5920C68EE03F}.Debug|Any CPU.ActiveCfg = Debug|Any CPU
		{1B6A9942-ABFB-4B94-9A93-5920C68EE03F}.Debug|Any CPU.Build.0 = Debug|Any CPU
		{1B6A9942-ABFB-4B94-9A93-5920C68EE03F}.Release|Any CPU.ActiveCfg = Release|Any CPU
		{1B6A9942-ABFB-4B94-9A93-5920C68EE03F}.Release|Any CPU.Build.0 = Release|Any CPU
	EndGlobalSection
	GlobalSection(SolutionProperties) = preSolution
		HideSolutionNode = FALSE
	EndGlobalSection
	GlobalSection(ExtensibilityGlobals) = postSolution
		SolutionGuid = {F90B0ACC-5758-4666-9DDE-A7FF1F276D20}
	EndGlobalSection
EndGlobal
